// !$*UTF8*$!
{
	archiveVersion = 1;
	classes = {
	};
	objectVersion = 50;
	objects = {

/* Begin PBXBuildFile section */
		6E2F19692122FFE100D3D1FB /* AppDelegate.swift in Sources */ = {isa = PBXBuildFile; fileRef = 6E2F19682122FFE100D3D1FB /* AppDelegate.swift */; };
		6E2F196B2122FFE100D3D1FB /* HomeViewController.swift in Sources */ = {isa = PBXBuildFile; fileRef = 6E2F196A2122FFE100D3D1FB /* HomeViewController.swift */; };
		6E2F196E2122FFE100D3D1FB /* Main.storyboard in Resources */ = {isa = PBXBuildFile; fileRef = 6E2F196C2122FFE100D3D1FB /* Main.storyboard */; };
		6E2F19702122FFE300D3D1FB /* Assets.xcassets in Resources */ = {isa = PBXBuildFile; fileRef = 6E2F196F2122FFE300D3D1FB /* Assets.xcassets */; };
		6E2F19732122FFE300D3D1FB /* LaunchScreen.storyboard in Resources */ = {isa = PBXBuildFile; fileRef = 6E2F19712122FFE300D3D1FB /* LaunchScreen.storyboard */; };
		6E2F197B2123033200D3D1FB /* Colors.swift in Sources */ = {isa = PBXBuildFile; fileRef = 6E2F197A2123033200D3D1FB /* Colors.swift */; };
		6E2F197F2123064600D3D1FB /* RelaxContentCell.swift in Sources */ = {isa = PBXBuildFile; fileRef = 6E2F197D2123064600D3D1FB /* RelaxContentCell.swift */; };
		6E2F19802123064600D3D1FB /* RelaxContentCell.xib in Resources */ = {isa = PBXBuildFile; fileRef = 6E2F197E2123064600D3D1FB /* RelaxContentCell.xib */; };
		6E2F198321230C4600D3D1FB /* ShelfViewController.swift in Sources */ = {isa = PBXBuildFile; fileRef = 6E2F198221230C4600D3D1FB /* ShelfViewController.swift */; };
/* End PBXBuildFile section */

/* Begin PBXFileReference section */
		6E2F19652122FFE100D3D1FB /* Relax.app */ = {isa = PBXFileReference; explicitFileType = wrapper.application; includeInIndex = 0; path = Relax.app; sourceTree = BUILT_PRODUCTS_DIR; };
		6E2F19682122FFE100D3D1FB /* AppDelegate.swift */ = {isa = PBXFileReference; lastKnownFileType = sourcecode.swift; path = AppDelegate.swift; sourceTree = "<group>"; };
		6E2F196A2122FFE100D3D1FB /* HomeViewController.swift */ = {isa = PBXFileReference; lastKnownFileType = sourcecode.swift; path = HomeViewController.swift; sourceTree = "<group>"; };
		6E2F196D2122FFE100D3D1FB /* Base */ = {isa = PBXFileReference; lastKnownFileType = file.storyboard; name = Base; path = Base.lproj/Main.storyboard; sourceTree = "<group>"; };
		6E2F196F2122FFE300D3D1FB /* Assets.xcassets */ = {isa = PBXFileReference; lastKnownFileType = folder.assetcatalog; path = Assets.xcassets; sourceTree = "<group>"; };
		6E2F19722122FFE300D3D1FB /* Base */ = {isa = PBXFileReference; lastKnownFileType = file.storyboard; name = Base; path = Base.lproj/LaunchScreen.storyboard; sourceTree = "<group>"; };
		6E2F19742122FFE300D3D1FB /* Info.plist */ = {isa = PBXFileReference; lastKnownFileType = text.plist.xml; path = Info.plist; sourceTree = "<group>"; };
		6E2F197A2123033200D3D1FB /* Colors.swift */ = {isa = PBXFileReference; lastKnownFileType = sourcecode.swift; path = Colors.swift; sourceTree = "<group>"; };
		6E2F197D2123064600D3D1FB /* RelaxContentCell.swift */ = {isa = PBXFileReference; lastKnownFileType = sourcecode.swift; path = RelaxContentCell.swift; sourceTree = "<group>"; };
		6E2F197E2123064600D3D1FB /* RelaxContentCell.xib */ = {isa = PBXFileReference; lastKnownFileType = file.xib; path = RelaxContentCell.xib; sourceTree = "<group>"; };
		6E2F198221230C4600D3D1FB /* ShelfViewController.swift */ = {isa = PBXFileReference; lastKnownFileType = sourcecode.swift; path = ShelfViewController.swift; sourceTree = "<group>"; };
/* End PBXFileReference section */

/* Begin PBXFrameworksBuildPhase section */
		6E2F19622122FFE100D3D1FB /* Frameworks */ = {
			isa = PBXFrameworksBuildPhase;
			buildActionMask = 2147483647;
			files = (
			);
			runOnlyForDeploymentPostprocessing = 0;
		};
/* End PBXFrameworksBuildPhase section */

/* Begin PBXGroup section */
		6E2F195C2122FFE100D3D1FB = {
			isa = PBXGroup;
			children = (
				6E2F19672122FFE100D3D1FB /* Relax */,
				6E2F19662122FFE100D3D1FB /* Products */,
			);
			sourceTree = "<group>";
		};
		6E2F19662122FFE100D3D1FB /* Products */ = {
			isa = PBXGroup;
			children = (
				6E2F19652122FFE100D3D1FB /* Relax.app */,
			);
			name = Products;
			sourceTree = "<group>";
		};
		6E2F19672122FFE100D3D1FB /* Relax */ = {
			isa = PBXGroup;
			children = (
				6E2F19682122FFE100D3D1FB /* AppDelegate.swift */,
				6E2F196A2122FFE100D3D1FB /* HomeViewController.swift */,
				6E2F198221230C4600D3D1FB /* ShelfViewController.swift */,
				6E2F19812123064B00D3D1FB /* Views */,
				6E2F197C212305A800D3D1FB /* UI extensions */,
				6E2F196C2122FFE100D3D1FB /* Main.storyboard */,
				6E2F196F2122FFE300D3D1FB /* Assets.xcassets */,
				6E2F19712122FFE300D3D1FB /* LaunchScreen.storyboard */,
				6E2F19742122FFE300D3D1FB /* Info.plist */,
			);
			path = Relax;
			sourceTree = "<group>";
		};
		6E2F197C212305A800D3D1FB /* UI extensions */ = {
			isa = PBXGroup;
			children = (
				6E2F197A2123033200D3D1FB /* Colors.swift */,
			);
			path = "UI extensions";
			sourceTree = "<group>";
		};
		6E2F19812123064B00D3D1FB /* Views */ = {
			isa = PBXGroup;
			children = (
				6E2F197D2123064600D3D1FB /* RelaxContentCell.swift */,
				6E2F197E2123064600D3D1FB /* RelaxContentCell.xib */,
			);
			path = Views;
			sourceTree = "<group>";
		};
/* End PBXGroup section */

/* Begin PBXNativeTarget section */
		6E2F19642122FFE100D3D1FB /* Relax */ = {
			isa = PBXNativeTarget;
			buildConfigurationList = 6E2F19772122FFE300D3D1FB /* Build configuration list for PBXNativeTarget "Relax" */;
			buildPhases = (
				6E2F19612122FFE100D3D1FB /* Sources */,
				6E2F19622122FFE100D3D1FB /* Frameworks */,
				6E2F19632122FFE100D3D1FB /* Resources */,
			);
			buildRules = (
			);
			dependencies = (
			);
			name = Relax;
			productName = Relax;
			productReference = 6E2F19652122FFE100D3D1FB /* Relax.app */;
			productType = "com.apple.product-type.application";
		};
/* End PBXNativeTarget section */

/* Begin PBXProject section */
		6E2F195D2122FFE100D3D1FB /* Project object */ = {
			isa = PBXProject;
			attributes = {
				LastSwiftUpdateCheck = 1000;
				LastUpgradeCheck = 1000;
				ORGANIZATIONNAME = Hugo;
				TargetAttributes = {
					6E2F19642122FFE100D3D1FB = {
						CreatedOnToolsVersion = 10.0;
					};
				};
			};
			buildConfigurationList = 6E2F19602122FFE100D3D1FB /* Build configuration list for PBXProject "Relax" */;
			compatibilityVersion = "Xcode 9.3";
			developmentRegion = en;
			hasScannedForEncodings = 0;
			knownRegions = (
				en,
				Base,
			);
			mainGroup = 6E2F195C2122FFE100D3D1FB;
			productRefGroup = 6E2F19662122FFE100D3D1FB /* Products */;
			projectDirPath = "";
			projectRoot = "";
			targets = (
				6E2F19642122FFE100D3D1FB /* Relax */,
			);
		};
/* End PBXProject section */

/* Begin PBXResourcesBuildPhase section */
		6E2F19632122FFE100D3D1FB /* Resources */ = {
			isa = PBXResourcesBuildPhase;
			buildActionMask = 2147483647;
			files = (
				6E2F19802123064600D3D1FB /* RelaxContentCell.xib in Resources */,
				6E2F19732122FFE300D3D1FB /* LaunchScreen.storyboard in Resources */,
				6E2F19702122FFE300D3D1FB /* Assets.xcassets in Resources */,
				6E2F196E2122FFE100D3D1FB /* Main.storyboard in Resources */,
			);
			runOnlyForDeploymentPostprocessing = 0;
		};
/* End PBXResourcesBuildPhase section */

/* Begin PBXSourcesBuildPhase section */
		6E2F19612122FFE100D3D1FB /* Sources */ = {
			isa = PBXSourcesBuildPhase;
			buildActionMask = 2147483647;
			files = (
				6E2F197F2123064600D3D1FB /* RelaxContentCell.swift in Sources */,
				6E2F198321230C4600D3D1FB /* ShelfViewController.swift in Sources */,
				6E2F196B2122FFE100D3D1FB /* HomeViewController.swift in Sources */,
				6E2F197B2123033200D3D1FB /* Colors.swift in Sources */,
				6E2F19692122FFE100D3D1FB /* AppDelegate.swift in Sources */,
			);
			runOnlyForDeploymentPostprocessing = 0;
		};
/* End PBXSourcesBuildPhase section */

/* Begin PBXVariantGroup section */
		6E2F196C2122FFE100D3D1FB /* Main.storyboard */ = {
			isa = PBXVariantGroup;
			children = (
				6E2F196D2122FFE100D3D1FB /* Base */,
			);
			name = Main.storyboard;
			sourceTree = "<group>";
		};
		6E2F19712122FFE300D3D1FB /* LaunchScreen.storyboard */ = {
			isa = PBXVariantGroup;
			children = (
				6E2F19722122FFE300D3D1FB /* Base */,
			);
			name = LaunchScreen.storyboard;
			sourceTree = "<group>";
		};
/* End PBXVariantGroup section */

/* Begin XCBuildConfiguration section */
		6E2F19752122FFE300D3D1FB /* Debug */ = {
			isa = XCBuildConfiguration;
			buildSettings = {
				ALWAYS_SEARCH_USER_PATHS = NO;
				CLANG_ANALYZER_NONNULL = YES;
				CLANG_ANALYZER_NUMBER_OBJECT_CONVERSION = YES_AGGRESSIVE;
				CLANG_CXX_LANGUAGE_STANDARD = "gnu++14";
				CLANG_CXX_LIBRARY = "libc++";
				CLANG_ENABLE_MODULES = YES;
				CLANG_ENABLE_OBJC_ARC = YES;
				CLANG_ENABLE_OBJC_WEAK = YES;
				CLANG_WARN_BLOCK_CAPTURE_AUTORELEASING = YES;
				CLANG_WARN_BOOL_CONVERSION = YES;
				CLANG_WARN_COMMA = YES;
				CLANG_WARN_CONSTANT_CONVERSION = YES;
				CLANG_WARN_DEPRECATED_OBJC_IMPLEMENTATIONS = YES;
				CLANG_WARN_DIRECT_OBJC_ISA_USAGE = YES_ERROR;
				CLANG_WARN_DOCUMENTATION_COMMENTS = YES;
				CLANG_WARN_EMPTY_BODY = YES;
				CLANG_WARN_ENUM_CONVERSION = YES;
				CLANG_WARN_INFINITE_RECURSION = YES;
				CLANG_WARN_INT_CONVERSION = YES;
				CLANG_WARN_NON_LITERAL_NULL_CONVERSION = YES;
				CLANG_WARN_OBJC_IMPLICIT_RETAIN_SELF = YES;
				CLANG_WARN_OBJC_LITERAL_CONVERSION = YES;
				CLANG_WARN_OBJC_ROOT_CLASS = YES_ERROR;
				CLANG_WARN_RANGE_LOOP_ANALYSIS = YES;
				CLANG_WARN_STRICT_PROTOTYPES = YES;
				CLANG_WARN_SUSPICIOUS_MOVE = YES;
				CLANG_WARN_UNGUARDED_AVAILABILITY = YES_AGGRESSIVE;
				CLANG_WARN_UNREACHABLE_CODE = YES;
				CLANG_WARN__DUPLICATE_METHOD_MATCH = YES;
				CODE_SIGN_IDENTITY = "iPhone Developer";
				COPY_PHASE_STRIP = NO;
				DEBUG_INFORMATION_FORMAT = dwarf;
				ENABLE_STRICT_OBJC_MSGSEND = YES;
				ENABLE_TESTABILITY = YES;
				GCC_C_LANGUAGE_STANDARD = gnu11;
				GCC_DYNAMIC_NO_PIC = NO;
				GCC_NO_COMMON_BLOCKS = YES;
				GCC_OPTIMIZATION_LEVEL = 0;
				GCC_PREPROCESSOR_DEFINITIONS = (
					"DEBUG=1",
					"$(inherited)",
				);
				GCC_WARN_64_TO_32_BIT_CONVERSION = YES;
				GCC_WARN_ABOUT_RETURN_TYPE = YES_ERROR;
				GCC_WARN_UNDECLARED_SELECTOR = YES;
				GCC_WARN_UNINITIALIZED_AUTOS = YES_AGGRESSIVE;
				GCC_WARN_UNUSED_FUNCTION = YES;
				GCC_WARN_UNUSED_VARIABLE = YES;
				IPHONEOS_DEPLOYMENT_TARGET = 12.0;
				MTL_ENABLE_DEBUG_INFO = INCLUDE_SOURCE;
				MTL_FAST_MATH = YES;
				ONLY_ACTIVE_ARCH = YES;
				SDKROOT = iphoneos;
				SWIFT_ACTIVE_COMPILATION_CONDITIONS = DEBUG;
				SWIFT_OPTIMIZATION_LEVEL = "-Onone";
			};
			name = Debug;
		};
		6E2F19762122FFE300D3D1FB /* Release */ = {
			isa = XCBuildConfiguration;
			buildSettings = {
				ALWAYS_SEARCH_USER_PATHS = NO;
				CLANG_ANALYZER_NONNULL = YES;
				CLANG_ANALYZER_NUMBER_OBJECT_CONVERSION = YES_AGGRESSIVE;
				CLANG_CXX_LANGUAGE_STANDARD = "gnu++14";
				CLANG_CXX_LIBRARY = "libc++";
				CLANG_ENABLE_MODULES = YES;
				CLANG_ENABLE_OBJC_ARC = YES;
				CLANG_ENABLE_OBJC_WEAK = YES;
				CLANG_WARN_BLOCK_CAPTURE_AUTORELEASING = YES;
				CLANG_WARN_BOOL_CONVERSION = YES;
				CLANG_WARN_COMMA = YES;
				CLANG_WARN_CONSTANT_CONVERSION = YES;
				CLANG_WARN_DEPRECATED_OBJC_IMPLEMENTATIONS = YES;
				CLANG_WARN_DIRECT_OBJC_ISA_USAGE = YES_ERROR;
				CLANG_WARN_DOCUMENTATION_COMMENTS = YES;
				CLANG_WARN_EMPTY_BODY = YES;
				CLANG_WARN_ENUM_CONVERSION = YES;
				CLANG_WARN_INFINITE_RECURSION = YES;
				CLANG_WARN_INT_CONVERSION = YES;
				CLANG_WARN_NON_LITERAL_NULL_CONVERSION = YES;
				CLANG_WARN_OBJC_IMPLICIT_RETAIN_SELF = YES;
				CLANG_WARN_OBJC_LITERAL_CONVERSION = YES;
				CLANG_WARN_OBJC_ROOT_CLASS = YES_ERROR;
				CLANG_WARN_RANGE_LOOP_ANALYSIS = YES;
				CLANG_WARN_STRICT_PROTOTYPES = YES;
				CLANG_WARN_SUSPICIOUS_MOVE = YES;
				CLANG_WARN_UNGUARDED_AVAILABILITY = YES_AGGRESSIVE;
				CLANG_WARN_UNREACHABLE_CODE = YES;
				CLANG_WARN__DUPLICATE_METHOD_MATCH = YES;
				CODE_SIGN_IDENTITY = "iPhone Developer";
				COPY_PHASE_STRIP = NO;
				DEBUG_INFORMATION_FORMAT = "dwarf-with-dsym";
				ENABLE_NS_ASSERTIONS = NO;
				ENABLE_STRICT_OBJC_MSGSEND = YES;
				GCC_C_LANGUAGE_STANDARD = gnu11;
				GCC_NO_COMMON_BLOCKS = YES;
				GCC_WARN_64_TO_32_BIT_CONVERSION = YES;
				GCC_WARN_ABOUT_RETURN_TYPE = YES_ERROR;
				GCC_WARN_UNDECLARED_SELECTOR = YES;
				GCC_WARN_UNINITIALIZED_AUTOS = YES_AGGRESSIVE;
				GCC_WARN_UNUSED_FUNCTION = YES;
				GCC_WARN_UNUSED_VARIABLE = YES;
				IPHONEOS_DEPLOYMENT_TARGET = 12.0;
				MTL_ENABLE_DEBUG_INFO = NO;
				MTL_FAST_MATH = YES;
				SDKROOT = iphoneos;
				SWIFT_COMPILATION_MODE = wholemodule;
				SWIFT_OPTIMIZATION_LEVEL = "-O";
				VALIDATE_PRODUCT = YES;
			};
			name = Release;
		};
		6E2F19782122FFE300D3D1FB /* Debug */ = {
			isa = XCBuildConfiguration;
			buildSettings = {
				ASSETCATALOG_COMPILER_APPICON_NAME = AppIcon;
				CODE_SIGN_STYLE = Automatic;
				DEVELOPMENT_TEAM = 7VT5H6VPXH;
				INFOPLIST_FILE = Relax/Info.plist;
				LD_RUNPATH_SEARCH_PATHS = (
					"$(inherited)",
					"@executable_path/Frameworks",
				);
				PRODUCT_BUNDLE_IDENTIFIER = com.hugoprinsloo.Relax;
				PRODUCT_NAME = "$(TARGET_NAME)";
				SWIFT_VERSION = 4.2;
				TARGETED_DEVICE_FAMILY = "1,2";
			};
			name = Debug;
		};
		6E2F19792122FFE300D3D1FB /* Release */ = {
			isa = XCBuildConfiguration;
			buildSettings = {
				ASSETCATALOG_COMPILER_APPICON_NAME = AppIcon;
				CODE_SIGN_STYLE = Automatic;
				DEVELOPMENT_TEAM = 7VT5H6VPXH;
				INFOPLIST_FILE = Relax/Info.plist;
				LD_RUNPATH_SEARCH_PATHS = (
					"$(inherited)",
					"@executable_path/Frameworks",
				);
				PRODUCT_BUNDLE_IDENTIFIER = com.hugoprinsloo.Relax;
				PRODUCT_NAME = "$(TARGET_NAME)";
				SWIFT_VERSION = 4.2;
				TARGETED_DEVICE_FAMILY = "1,2";
			};
			name = Release;
		};
/* End XCBuildConfiguration section */

/* Begin XCConfigurationList section */
		6E2F19602122FFE100D3D1FB /* Build configuration list for PBXProject "Relax" */ = {
			isa = XCConfigurationList;
			buildConfigurations = (
				6E2F19752122FFE300D3D1FB /* Debug */,
				6E2F19762122FFE300D3D1FB /* Release */,
			);
			defaultConfigurationIsVisible = 0;
			defaultConfigurationName = Release;
		};
		6E2F19772122FFE300D3D1FB /* Build configuration list for PBXNativeTarget "Relax" */ = {
			isa = XCConfigurationList;
			buildConfigurations = (
				6E2F19782122FFE300D3D1FB /* Debug */,
				6E2F19792122FFE300D3D1FB /* Release */,
			);
			defaultConfigurationIsVisible = 0;
			defaultConfigurationName = Release;
		};
/* End XCConfigurationList section */
	};
	rootObject = 6E2F195D2122FFE100D3D1FB /* Project object */;
}
